// !$*UTF8*$!
{
	archiveVersion = 1;
	classes = {
	};
	objectVersion = 50;
	objects = {

/* Begin PBXBuildFile section */
		4D45651F24A428AC0063E56E /* AppDelegate.swift in Sources */ = {isa = PBXBuildFile; fileRef = 4D45651E24A428AC0063E56E /* AppDelegate.swift */; };
		4D45652124A428AC0063E56E /* SceneDelegate.swift in Sources */ = {isa = PBXBuildFile; fileRef = 4D45652024A428AC0063E56E /* SceneDelegate.swift */; };
		4D45652324A428AC0063E56E /* ViewController.swift in Sources */ = {isa = PBXBuildFile; fileRef = 4D45652224A428AC0063E56E /* ViewController.swift */; };
		4D45652624A428AC0063E56E /* Main.storyboard in Resources */ = {isa = PBXBuildFile; fileRef = 4D45652424A428AC0063E56E /* Main.storyboard */; };
		4D45652824A428C00063E56E /* Assets.xcassets in Resources */ = {isa = PBXBuildFile; fileRef = 4D45652724A428C00063E56E /* Assets.xcassets */; };
		4D45652B24A428C00063E56E /* LaunchScreen.storyboard in Resources */ = {isa = PBXBuildFile; fileRef = 4D45652924A428C00063E56E /* LaunchScreen.storyboard */; };
		4D45653324A42FE60063E56E /* QuizViewController.swift in Sources */ = {isa = PBXBuildFile; fileRef = 4D45653224A42FE60063E56E /* QuizViewController.swift */; };
		4D45653524A430040063E56E /* ResultViewController.swift in Sources */ = {isa = PBXBuildFile; fileRef = 4D45653424A430040063E56E /* ResultViewController.swift */; };
		4D45653724A432800063E56E /* Quiz.swift in Sources */ = {isa = PBXBuildFile; fileRef = 4D45653624A432800063E56E /* Quiz.swift */; };
		4D45653924A432AB0063E56E /* QuizManager.swift in Sources */ = {isa = PBXBuildFile; fileRef = 4D45653824A432AB0063E56E /* QuizManager.swift */; };
/* End PBXBuildFile section */

/* Begin PBXFileReference section */
		4D45651B24A428AC0063E56E /* SwiftQuiz.app */ = {isa = PBXFileReference; explicitFileType = wrapper.application; includeInIndex = 0; path = SwiftQuiz.app; sourceTree = BUILT_PRODUCTS_DIR; };
		4D45651E24A428AC0063E56E /* AppDelegate.swift */ = {isa = PBXFileReference; lastKnownFileType = sourcecode.swift; path = AppDelegate.swift; sourceTree = "<group>"; };
		4D45652024A428AC0063E56E /* SceneDelegate.swift */ = {isa = PBXFileReference; lastKnownFileType = sourcecode.swift; path = SceneDelegate.swift; sourceTree = "<group>"; };
		4D45652224A428AC0063E56E /* ViewController.swift */ = {isa = PBXFileReference; lastKnownFileType = sourcecode.swift; path = ViewController.swift; sourceTree = "<group>"; };
		4D45652524A428AC0063E56E /* Base */ = {isa = PBXFileReference; lastKnownFileType = file.storyboard; name = Base; path = Base.lproj/Main.storyboard; sourceTree = "<group>"; };
		4D45652724A428C00063E56E /* Assets.xcassets */ = {isa = PBXFileReference; lastKnownFileType = folder.assetcatalog; path = Assets.xcassets; sourceTree = "<group>"; };
		4D45652A24A428C00063E56E /* Base */ = {isa = PBXFileReference; lastKnownFileType = file.storyboard; name = Base; path = Base.lproj/LaunchScreen.storyboard; sourceTree = "<group>"; };
		4D45652C24A428C00063E56E /* Info.plist */ = {isa = PBXFileReference; lastKnownFileType = text.plist.xml; path = Info.plist; sourceTree = "<group>"; };
		4D45653224A42FE60063E56E /* QuizViewController.swift */ = {isa = PBXFileReference; lastKnownFileType = sourcecode.swift; path = QuizViewController.swift; sourceTree = "<group>"; };
		4D45653424A430040063E56E /* ResultViewController.swift */ = {isa = PBXFileReference; lastKnownFileType = sourcecode.swift; path = ResultViewController.swift; sourceTree = "<group>"; };
		4D45653624A432800063E56E /* Quiz.swift */ = {isa = PBXFileReference; lastKnownFileType = sourcecode.swift; path = Quiz.swift; sourceTree = "<group>"; };
		4D45653824A432AB0063E56E /* QuizManager.swift */ = {isa = PBXFileReference; lastKnownFileType = sourcecode.swift; path = QuizManager.swift; sourceTree = "<group>"; };
/* End PBXFileReference section */

/* Begin PBXFrameworksBuildPhase section */
		4D45651824A428AC0063E56E /* Frameworks */ = {
			isa = PBXFrameworksBuildPhase;
			buildActionMask = 2147483647;
			files = (
			);
			runOnlyForDeploymentPostprocessing = 0;
		};
/* End PBXFrameworksBuildPhase section */

/* Begin PBXGroup section */
		4D45651224A428AC0063E56E = {
			isa = PBXGroup;
			children = (
				4D45651D24A428AC0063E56E /* SwiftQuiz */,
				4D45651C24A428AC0063E56E /* Products */,
			);
			sourceTree = "<group>";
		};
		4D45651C24A428AC0063E56E /* Products */ = {
			isa = PBXGroup;
			children = (
				4D45651B24A428AC0063E56E /* SwiftQuiz.app */,
			);
			name = Products;
			sourceTree = "<group>";
		};
		4D45651D24A428AC0063E56E /* SwiftQuiz */ = {
			isa = PBXGroup;
			children = (
				4D45651E24A428AC0063E56E /* AppDelegate.swift */,
				4D45652024A428AC0063E56E /* SceneDelegate.swift */,
				4D45652224A428AC0063E56E /* ViewController.swift */,
				4D45652424A428AC0063E56E /* Main.storyboard */,
				4D45653224A42FE60063E56E /* QuizViewController.swift */,
				4D45652724A428C00063E56E /* Assets.xcassets */,
				4D45652924A428C00063E56E /* LaunchScreen.storyboard */,
				4D45652C24A428C00063E56E /* Info.plist */,
				4D45653424A430040063E56E /* ResultViewController.swift */,
				4D45653624A432800063E56E /* Quiz.swift */,
				4D45653824A432AB0063E56E /* QuizManager.swift */,
			);
			path = SwiftQuiz;
			sourceTree = "<group>";
		};
/* End PBXGroup section */

/* Begin PBXNativeTarget section */
		4D45651A24A428AC0063E56E /* SwiftQuiz */ = {
			isa = PBXNativeTarget;
			buildConfigurationList = 4D45652F24A428C00063E56E /* Build configuration list for PBXNativeTarget "SwiftQuiz" */;
			buildPhases = (
				4D45651724A428AC0063E56E /* Sources */,
				4D45651824A428AC0063E56E /* Frameworks */,
				4D45651924A428AC0063E56E /* Resources */,
			);
			buildRules = (
			);
			dependencies = (
			);
			name = SwiftQuiz;
			productName = SwiftQuiz;
			productReference = 4D45651B24A428AC0063E56E /* SwiftQuiz.app */;
			productType = "com.apple.product-type.application";
		};
/* End PBXNativeTarget section */

/* Begin PBXProject section */
		4D45651324A428AC0063E56E /* Project object */ = {
			isa = PBXProject;
			attributes = {
				LastSwiftUpdateCheck = 1150;
				LastUpgradeCheck = 1150;
				ORGANIZATIONNAME = "Henrico Lazuroz";
				TargetAttributes = {
					4D45651A24A428AC0063E56E = {
						CreatedOnToolsVersion = 11.5;
					};
				};
			};
			buildConfigurationList = 4D45651624A428AC0063E56E /* Build configuration list for PBXProject "SwiftQuiz" */;
			compatibilityVersion = "Xcode 9.3";
			developmentRegion = en;
			hasScannedForEncodings = 0;
			knownRegions = (
				en,
				Base,
			);
			mainGroup = 4D45651224A428AC0063E56E;
			productRefGroup = 4D45651C24A428AC0063E56E /* Products */;
			projectDirPath = "";
			projectRoot = "";
			targets = (
				4D45651A24A428AC0063E56E /* SwiftQuiz */,
			);
		};
/* End PBXProject section */

/* Begin PBXResourcesBuildPhase section */
		4D45651924A428AC0063E56E /* Resources */ = {
			isa = PBXResourcesBuildPhase;
			buildActionMask = 2147483647;
			files = (
				4D45652B24A428C00063E56E /* LaunchScreen.storyboard in Resources */,
				4D45652824A428C00063E56E /* Assets.xcassets in Resources */,
				4D45652624A428AC0063E56E /* Main.storyboard in Resources */,
			);
			runOnlyForDeploymentPostprocessing = 0;
		};
/* End PBXResourcesBuildPhase section */

/* Begin PBXSourcesBuildPhase section */
		4D45651724A428AC0063E56E /* Sources */ = {
			isa = PBXSourcesBuildPhase;
			buildActionMask = 2147483647;
			files = (
				4D45653524A430040063E56E /* ResultViewController.swift in Sources */,
				4D45652324A428AC0063E56E /* ViewController.swift in Sources */,
				4D45653724A432800063E56E /* Quiz.swift in Sources */,
				4D45653924A432AB0063E56E /* QuizManager.swift in Sources */,
				4D45651F24A428AC0063E56E /* AppDelegate.swift in Sources */,
				4D45652124A428AC0063E56E /* SceneDelegate.swift in Sources */,
				4D45653324A42FE60063E56E /* QuizViewController.swift in Sources */,
			);
			runOnlyForDeploymentPostprocessing = 0;
		};
/* End PBXSourcesBuildPhase section */

/* Begin PBXVariantGroup section */
		4D45652424A428AC0063E56E /* Main.storyboard */ = {
			isa = PBXVariantGroup;
			children = (
				4D45652524A428AC0063E56E /* Base */,
			);
			name = Main.storyboard;
			sourceTree = "<group>";
		};
		4D45652924A428C00063E56E /* LaunchScreen.storyboard */ = {
			isa = PBXVariantGroup;
			children = (
				4D45652A24A428C00063E56E /* Base */,
			);
			name = LaunchScreen.storyboard;
			sourceTree = "<group>";
		};
/* End PBXVariantGroup section */

/* Begin XCBuildConfiguration section */
		4D45652D24A428C00063E56E /* Debug */ = {
			isa = XCBuildConfiguration;
			buildSettings = {
				ALWAYS_SEARCH_USER_PATHS = NO;
				CLANG_ANALYZER_NONNULL = YES;
				CLANG_ANALYZER_NUMBER_OBJECT_CONVERSION = YES_AGGRESSIVE;
				CLANG_CXX_LANGUAGE_STANDARD = "gnu++14";
				CLANG_CXX_LIBRARY = "libc++";
				CLANG_ENABLE_MODULES = YES;
				CLANG_ENABLE_OBJC_ARC = YES;
				CLANG_ENABLE_OBJC_WEAK = YES;
				CLANG_WARN_BLOCK_CAPTURE_AUTORELEASING = YES;
				CLANG_WARN_BOOL_CONVERSION = YES;
				CLANG_WARN_COMMA = YES;
				CLANG_WARN_CONSTANT_CONVERSION = YES;
				CLANG_WARN_DEPRECATED_OBJC_IMPLEMENTATIONS = YES;
				CLANG_WARN_DIRECT_OBJC_ISA_USAGE = YES_ERROR;
				CLANG_WARN_DOCUMENTATION_COMMENTS = YES;
				CLANG_WARN_EMPTY_BODY = YES;
				CLANG_WARN_ENUM_CONVERSION = YES;
				CLANG_WARN_INFINITE_RECURSION = YES;
				CLANG_WARN_INT_CONVERSION = YES;
				CLANG_WARN_NON_LITERAL_NULL_CONVERSION = YES;
				CLANG_WARN_OBJC_IMPLICIT_RETAIN_SELF = YES;
				CLANG_WARN_OBJC_LITERAL_CONVERSION = YES;
				CLANG_WARN_OBJC_ROOT_CLASS = YES_ERROR;
				CLANG_WARN_RANGE_LOOP_ANALYSIS = YES;
				CLANG_WARN_STRICT_PROTOTYPES = YES;
				CLANG_WARN_SUSPICIOUS_MOVE = YES;
				CLANG_WARN_UNGUARDED_AVAILABILITY = YES_AGGRESSIVE;
				CLANG_WARN_UNREACHABLE_CODE = YES;
				CLANG_WARN__DUPLICATE_METHOD_MATCH = YES;
				COPY_PHASE_STRIP = NO;
				DEBUG_INFORMATION_FORMAT = dwarf;
				ENABLE_STRICT_OBJC_MSGSEND = YES;
				ENABLE_TESTABILITY = YES;
				GCC_C_LANGUAGE_STANDARD = gnu11;
				GCC_DYNAMIC_NO_PIC = NO;
				GCC_NO_COMMON_BLOCKS = YES;
				GCC_OPTIMIZATION_LEVEL = 0;
				GCC_PREPROCESSOR_DEFINITIONS = (
					"DEBUG=1",
					"$(inherited)",
				);
				GCC_WARN_64_TO_32_BIT_CONVERSION = YES;
				GCC_WARN_ABOUT_RETURN_TYPE = YES_ERROR;
				GCC_WARN_UNDECLARED_SELECTOR = YES;
				GCC_WARN_UNINITIALIZED_AUTOS = YES_AGGRESSIVE;
				GCC_WARN_UNUSED_FUNCTION = YES;
				GCC_WARN_UNUSED_VARIABLE = YES;
				IPHONEOS_DEPLOYMENT_TARGET = 13.5;
				MTL_ENABLE_DEBUG_INFO = INCLUDE_SOURCE;
				MTL_FAST_MATH = YES;
				ONLY_ACTIVE_ARCH = YES;
				SDKROOT = iphoneos;
				SWIFT_ACTIVE_COMPILATION_CONDITIONS = DEBUG;
				SWIFT_OPTIMIZATION_LEVEL = "-Onone";
			};
			name = Debug;
		};
		4D45652E24A428C00063E56E /* Release */ = {
			isa = XCBuildConfiguration;
			buildSettings = {
				ALWAYS_SEARCH_USER_PATHS = NO;
				CLANG_ANALYZER_NONNULL = YES;
				CLANG_ANALYZER_NUMBER_OBJECT_CONVERSION = YES_AGGRESSIVE;
				CLANG_CXX_LANGUAGE_STANDARD = "gnu++14";
				CLANG_CXX_LIBRARY = "libc++";
				CLANG_ENABLE_MODULES = YES;
				CLANG_ENABLE_OBJC_ARC = YES;
				CLANG_ENABLE_OBJC_WEAK = YES;
				CLANG_WARN_BLOCK_CAPTURE_AUTORELEASING = YES;
				CLANG_WARN_BOOL_CONVERSION = YES;
				CLANG_WARN_COMMA = YES;
				CLANG_WARN_CONSTANT_CONVERSION = YES;
				CLANG_WARN_DEPRECATED_OBJC_IMPLEMENTATIONS = YES;
				CLANG_WARN_DIRECT_OBJC_ISA_USAGE = YES_ERROR;
				CLANG_WARN_DOCUMENTATION_COMMENTS = YES;
				CLANG_WARN_EMPTY_BODY = YES;
				CLANG_WARN_ENUM_CONVERSION = YES;
				CLANG_WARN_INFINITE_RECURSION = YES;
				CLANG_WARN_INT_CONVERSION = YES;
				CLANG_WARN_NON_LITERAL_NULL_CONVERSION = YES;
				CLANG_WARN_OBJC_IMPLICIT_RETAIN_SELF = YES;
				CLANG_WARN_OBJC_LITERAL_CONVERSION = YES;
				CLANG_WARN_OBJC_ROOT_CLASS = YES_ERROR;
				CLANG_WARN_RANGE_LOOP_ANALYSIS = YES;
				CLANG_WARN_STRICT_PROTOTYPES = YES;
				CLANG_WARN_SUSPICIOUS_MOVE = YES;
				CLANG_WARN_UNGUARDED_AVAILABILITY = YES_AGGRESSIVE;
				CLANG_WARN_UNREACHABLE_CODE = YES;
				CLANG_WARN__DUPLICATE_METHOD_MATCH = YES;
				COPY_PHASE_STRIP = NO;
				DEBUG_INFORMATION_FORMAT = "dwarf-with-dsym";
				ENABLE_NS_ASSERTIONS = NO;
				ENABLE_STRICT_OBJC_MSGSEND = YES;
				GCC_C_LANGUAGE_STANDARD = gnu11;
				GCC_NO_COMMON_BLOCKS = YES;
				GCC_WARN_64_TO_32_BIT_CONVERSION = YES;
				GCC_WARN_ABOUT_RETURN_TYPE = YES_ERROR;
				GCC_WARN_UNDECLARED_SELECTOR = YES;
				GCC_WARN_UNINITIALIZED_AUTOS = YES_AGGRESSIVE;
				GCC_WARN_UNUSED_FUNCTION = YES;
				GCC_WARN_UNUSED_VARIABLE = YES;
				IPHONEOS_DEPLOYMENT_TARGET = 13.5;
				MTL_ENABLE_DEBUG_INFO = NO;
				MTL_FAST_MATH = YES;
				SDKROOT = iphoneos;
				SWIFT_COMPILATION_MODE = wholemodule;
				SWIFT_OPTIMIZATION_LEVEL = "-O";
				VALIDATE_PRODUCT = YES;
			};
			name = Release;
		};
		4D45653024A428C00063E56E /* Debug */ = {
			isa = XCBuildConfiguration;
			buildSettings = {
				ASSETCATALOG_COMPILER_APPICON_NAME = AppIcon;
				CODE_SIGN_STYLE = Automatic;
				DEVELOPMENT_TEAM = G3LL3GYBMQ;
				INFOPLIST_FILE = SwiftQuiz/Info.plist;
				IPHONEOS_DEPLOYMENT_TARGET = 13.0;
				LD_RUNPATH_SEARCH_PATHS = (
					"$(inherited)",
					"@executable_path/Frameworks",
				);
				PRODUCT_BUNDLE_IDENTIFIER = br.com.henrico.lazuroz.SwiftQuiz;
				PRODUCT_NAME = "$(TARGET_NAME)";
				SWIFT_VERSION = 5.0;
				TARGETED_DEVICE_FAMILY = 1;
			};
			name = Debug;
		};
		4D45653124A428C00063E56E /* Release */ = {
			isa = XCBuildConfiguration;
			buildSettings = {
				ASSETCATALOG_COMPILER_APPICON_NAME = AppIcon;
				CODE_SIGN_STYLE = Automatic;
				DEVELOPMENT_TEAM = G3LL3GYBMQ;
				INFOPLIST_FILE = SwiftQuiz/Info.plist;
				IPHONEOS_DEPLOYMENT_TARGET = 13.0;
				LD_RUNPATH_SEARCH_PATHS = (
					"$(inherited)",
					"@executable_path/Frameworks",
				);
				PRODUCT_BUNDLE_IDENTIFIER = br.com.henrico.lazuroz.SwiftQuiz;
				PRODUCT_NAME = "$(TARGET_NAME)";
				SWIFT_VERSION = 5.0;
				TARGETED_DEVICE_FAMILY = 1;
			};
			name = Release;
		};
/* End XCBuildConfiguration section */

/* Begin XCConfigurationList section */
		4D45651624A428AC0063E56E /* Build configuration list for PBXProject "SwiftQuiz" */ = {
			isa = XCConfigurationList;
			buildConfigurations = (
				4D45652D24A428C00063E56E /* Debug */,
				4D45652E24A428C00063E56E /* Release */,
			);
			defaultConfigurationIsVisible = 0;
			defaultConfigurationName = Release;
		};
		4D45652F24A428C00063E56E /* Build configuration list for PBXNativeTarget "SwiftQuiz" */ = {
			isa = XCConfigurationList;
			buildConfigurations = (
				4D45653024A428C00063E56E /* Debug */,
				4D45653124A428C00063E56E /* Release */,
			);
			defaultConfigurationIsVisible = 0;
			defaultConfigurationName = Release;
		};
/* End XCConfigurationList section */
	};
	rootObject = 4D45651324A428AC0063E56E /* Project object */;
}
